{
  "name": "Mash-Monetization-Dino-Game",
  "lockfileVersion": 2,
  "requires": true,
  "packages": {
    "": {
      "dependencies": {
        "@getmash/client-sdk": "^2.1.5"
      }
    },
    "node_modules/@ctrl/tinycolor": {
      "version": "3.4.1",
      "resolved": "https://registry.npmjs.org/@ctrl/tinycolor/-/tinycolor-3.4.1.tgz",
      "integrity": "sha512-ej5oVy6lykXsvieQtqZxCOaLT+xD4+QNarq78cIYISHmZXshCvROLudpQN3lfL8G0NL7plMSSK+zlyvCaIJ4Iw==",
      "engines": {
        "node": ">=10"
      }
    },
    "node_modules/@getmash/client-sdk": {
      "version": "2.1.5",
      "resolved": "https://registry.npmjs.org/@getmash/client-sdk/-/client-sdk-2.1.5.tgz",
      "integrity": "sha512-L/xIMiHtDcqH3xj7NafV18fBqYmXZ8/CBgmm/zP/7EBaIJMEZD8LCVdau95CoFH7XXoqk0PbJEIHOhUeqKl+zg==",
      "dependencies": {
        "@ctrl/tinycolor": "^3.4.1",
        "@getmash/jsonrpc-engine": "^2.0.0",
        "@getmash/post-message": "^2.1.0"
      }
    },
    "node_modules/@getmash/jsonrpc-engine": {
      "version": "2.0.0",
      "resolved": "https://registry.npmjs.org/@getmash/jsonrpc-engine/-/jsonrpc-engine-2.0.0.tgz",
      "integrity": "sha512-mKcHzwbJ44DQZlO5iSXc/JIT7QEDE0VQO9zqY79Xqa6uD5SI0u8Axu2sxniv8NwsNv0YCLRxubFNcYkJVBM9Mw==",
      "dependencies": {
        "@getmash/post-message": "^2.0.0",
        "uuid": "^9.0.0"
      }
    },
    "node_modules/@getmash/post-message": {
      "version": "2.1.0",
      "resolved": "https://registry.npmjs.org/@getmash/post-message/-/post-message-2.1.0.tgz",
      "integrity": "sha512-YkBgmSoIP0a6FosQC+Jd79301Fneh3fvoqBreyFJyrGz5EDt+etURygr4lfBNdj8vgnQq4GJtwNUbBZBS2Ax0Q==",
      "dependencies": {
        "debug": "^4.3.4",
        "uuid": "^9.0.0"
      }
    },
    "node_modules/debug": {
      "version": "4.3.4",
      "resolved": "https://registry.npmjs.org/debug/-/debug-4.3.4.tgz",
      "integrity": "sha512-PRWFHuSU3eDtQJPvnNY7Jcket1j0t5OuOsFzPPzsekD52Zl8qUfFIPEiswXqIvHWGVHOgX+7G/vCNNhehwxfkQ==",
      "dependencies": {
        "ms": "2.1.2"
      },
      "engines": {
        "node": ">=6.0"
      },
      "peerDependenciesMeta": {
        "supports-color": {
          "optional": true
        }
      }
    },
    "node_modules/ms": {
      "version": "2.1.2",
      "resolved": "https://registry.npmjs.org/ms/-/ms-2.1.2.tgz",
      "integrity": "sha512-sGkPx+VjMtmA6MX27oA4FBFELFCZZ4S4XqeGOXCv68tT+jb3vk/RyaKWP0PTKyWtmLSM0b+adUTEvbs1PEaH2w=="
    },
    "node_modules/uuid": {
      "version": "9.0.0",
      "resolved": "https://registry.npmjs.org/uuid/-/uuid-9.0.0.tgz",
      "integrity": "sha512-MXcSTerfPa4uqyzStbRoTgt5XIe3x5+42+q1sDuy3R5MDk66URdLMOZe5aPX/SQd+kuYAh0FdP/pO28IkQyTeg==",
      "bin": {
        "uuid": "dist/bin/uuid"
      }
    }
  },
  "dependencies": {
    "@ctrl/tinycolor": {
      "version": "3.4.1",
      "resolved": "https://registry.npmjs.org/@ctrl/tinycolor/-/tinycolor-3.4.1.tgz",
      "integrity": "sha512-ej5oVy6lykXsvieQtqZxCOaLT+xD4+QNarq78cIYISHmZXshCvROLudpQN3lfL8G0NL7plMSSK+zlyvCaIJ4Iw=="
    },
    "@getmash/client-sdk": {
      "version": "2.1.5",
      "resolved": "https://registry.npmjs.org/@getmash/client-sdk/-/client-sdk-2.1.5.tgz",
      "integrity": "sha512-L/xIMiHtDcqH3xj7NafV18fBqYmXZ8/CBgmm/zP/7EBaIJMEZD8LCVdau95CoFH7XXoqk0PbJEIHOhUeqKl+zg==",
      "requires": {
        "@ctrl/tinycolor": "^3.4.1",
        "@getmash/jsonrpc-engine": "^2.0.0",
        "@getmash/post-message": "^2.1.0"
      }
    },
    "@getmash/jsonrpc-engine": {
      "version": "2.0.0",
      "resolved": "https://registry.npmjs.org/@getmash/jsonrpc-engine/-/jsonrpc-engine-2.0.0.tgz",
      "integrity": "sha512-mKcHzwbJ44DQZlO5iSXc/JIT7QEDE0VQO9zqY79Xqa6uD5SI0u8Axu2sxniv8NwsNv0YCLRxubFNcYkJVBM9Mw==",
      "requires": {
        "@getmash/post-message": "^2.0.0",
        "uuid": "^9.0.0"
      }
    },
    "@getmash/post-message": {
      "version": "2.1.0",
      "resolved": "https://registry.npmjs.org/@getmash/post-message/-/post-message-2.1.0.tgz",
      "integrity": "sha512-YkBgmSoIP0a6FosQC+Jd79301Fneh3fvoqBreyFJyrGz5EDt+etURygr4lfBNdj8vgnQq4GJtwNUbBZBS2Ax0Q==",
      "requires": {
        "debug": "^4.3.4",
        "uuid": "^9.0.0"
      }
    },
    "debug": {
      "version": "4.3.4",
      "resolved": "https://registry.npmjs.org/debug/-/debug-4.3.4.tgz",
      "integrity": "sha512-PRWFHuSU3eDtQJPvnNY7Jcket1j0t5OuOsFzPPzsekD52Zl8qUfFIPEiswXqIvHWGVHOgX+7G/vCNNhehwxfkQ==",
      "requires": {
        "ms": "2.1.2"
      }
    },
    "ms": {
      "version": "2.1.2",
      "resolved": "https://registry.npmjs.org/ms/-/ms-2.1.2.tgz",
      "integrity": "sha512-sGkPx+VjMtmA6MX27oA4FBFELFCZZ4S4XqeGOXCv68tT+jb3vk/RyaKWP0PTKyWtmLSM0b+adUTEvbs1PEaH2w=="
    },
    "uuid": {
      "version": "9.0.0",
      "resolved": "https://registry.npmjs.org/uuid/-/uuid-9.0.0.tgz",
      "integrity": "sha512-MXcSTerfPa4uqyzStbRoTgt5XIe3x5+42+q1sDuy3R5MDk66URdLMOZe5aPX/SQd+kuYAh0FdP/pO28IkQyTeg=="
    }
  }
}
